// !$*UTF8*$!
{
	archiveVersion = 1;
	classes = {
	};
	objectVersion = 46;
	objects = {

/* Begin PBXBuildFile section */
		6865AA8C14ECC2CF00240660 /* UIKit.framework in Frameworks */ = {isa = PBXBuildFile; fileRef = 6865AA8B14ECC2CF00240660 /* UIKit.framework */; };
		6865AA8E14ECC2CF00240660 /* Foundation.framework in Frameworks */ = {isa = PBXBuildFile; fileRef = 6865AA8D14ECC2CF00240660 /* Foundation.framework */; };
		6865AA9014ECC2CF00240660 /* CoreGraphics.framework in Frameworks */ = {isa = PBXBuildFile; fileRef = 6865AA8F14ECC2CF00240660 /* CoreGraphics.framework */; };
		6865AA9614ECC2CF00240660 /* InfoPlist.strings in Resources */ = {isa = PBXBuildFile; fileRef = 6865AA9414ECC2CF00240660 /* InfoPlist.strings */; };
		6865AA9814ECC2CF00240660 /* main.m in Sources */ = {isa = PBXBuildFile; fileRef = 6865AA9714ECC2CF00240660 /* main.m */; };
		6865AA9C14ECC2CF00240660 /* AppDelegate.m in Sources */ = {isa = PBXBuildFile; fileRef = 6865AA9B14ECC2CF00240660 /* AppDelegate.m */; };
		6865AA9F14ECC2CF00240660 /* AccountsListViewController.m in Sources */ = {isa = PBXBuildFile; fileRef = 6865AA9E14ECC2CF00240660 /* AccountsListViewController.m */; };
		6865AAA214ECC2CF00240660 /* AccountsListViewController.xib in Resources */ = {isa = PBXBuildFile; fileRef = 6865AAA014ECC2CF00240660 /* AccountsListViewController.xib */; };
		6865AAA914ECC34F00240660 /* Accounts.framework in Frameworks */ = {isa = PBXBuildFile; fileRef = 6865AAA814ECC34F00240660 /* Accounts.framework */; };
/* End PBXBuildFile section */

/* Begin PBXFileReference section */
		6865AA8714ECC2CF00240660 /* TWAccountList.app */ = {isa = PBXFileReference; explicitFileType = wrapper.application; includeInIndex = 0; path = TWAccountList.app; sourceTree = BUILT_PRODUCTS_DIR; };
		6865AA8B14ECC2CF00240660 /* UIKit.framework */ = {isa = PBXFileReference; lastKnownFileType = wrapper.framework; name = UIKit.framework; path = System/Library/Frameworks/UIKit.framework; sourceTree = SDKROOT; };
		6865AA8D14ECC2CF00240660 /* Foundation.framework */ = {isa = PBXFileReference; lastKnownFileType = wrapper.framework; name = Foundation.framework; path = System/Library/Frameworks/Foundation.framework; sourceTree = SDKROOT; };
		6865AA8F14ECC2CF00240660 /* CoreGraphics.framework */ = {isa = PBXFileReference; lastKnownFileType = wrapper.framework; name = CoreGraphics.framework; path = System/Library/Frameworks/CoreGraphics.framework; sourceTree = SDKROOT; };
		6865AA9314ECC2CF00240660 /* TWAccountList-Info.plist */ = {isa = PBXFileReference; lastKnownFileType = text.plist.xml; path = "TWAccountList-Info.plist"; sourceTree = "<group>"; };
		6865AA9514ECC2CF00240660 /* en */ = {isa = PBXFileReference; lastKnownFileType = text.plist.strings; name = en; path = en.lproj/InfoPlist.strings; sourceTree = "<group>"; };
		6865AA9714ECC2CF00240660 /* main.m */ = {isa = PBXFileReference; lastKnownFileType = sourcecode.c.objc; path = main.m; sourceTree = "<group>"; };
		6865AA9914ECC2CF00240660 /* TWAccountList-Prefix.pch */ = {isa = PBXFileReference; lastKnownFileType = sourcecode.c.h; path = "TWAccountList-Prefix.pch"; sourceTree = "<group>"; };
		6865AA9A14ECC2CF00240660 /* AppDelegate.h */ = {isa = PBXFileReference; lastKnownFileType = sourcecode.c.h; path = AppDelegate.h; sourceTree = "<group>"; };
		6865AA9B14ECC2CF00240660 /* AppDelegate.m */ = {isa = PBXFileReference; lastKnownFileType = sourcecode.c.objc; path = AppDelegate.m; sourceTree = "<group>"; };
		6865AA9D14ECC2CF00240660 /* AccountsListViewController.h */ = {isa = PBXFileReference; lastKnownFileType = sourcecode.c.h; path = AccountsListViewController.h; sourceTree = "<group>"; };
		6865AA9E14ECC2CF00240660 /* AccountsListViewController.m */ = {isa = PBXFileReference; lastKnownFileType = sourcecode.c.objc; path = AccountsListViewController.m; sourceTree = "<group>"; };
		6865AAA114ECC2CF00240660 /* en */ = {isa = PBXFileReference; lastKnownFileType = file.xib; name = en; path = en.lproj/AccountsListViewController.xib; sourceTree = "<group>"; };
		6865AAA814ECC34F00240660 /* Accounts.framework */ = {isa = PBXFileReference; lastKnownFileType = wrapper.framework; name = Accounts.framework; path = System/Library/Frameworks/Accounts.framework; sourceTree = SDKROOT; };
/* End PBXFileReference section */

/* Begin PBXFrameworksBuildPhase section */
		6865AA8414ECC2CF00240660 /* Frameworks */ = {
			isa = PBXFrameworksBuildPhase;
			buildActionMask = 2147483647;
			files = (
				6865AAA914ECC34F00240660 /* Accounts.framework in Frameworks */,
				6865AA8C14ECC2CF00240660 /* UIKit.framework in Frameworks */,
				6865AA8E14ECC2CF00240660 /* Foundation.framework in Frameworks */,
				6865AA9014ECC2CF00240660 /* CoreGraphics.framework in Frameworks */,
			);
			runOnlyForDeploymentPostprocessing = 0;
		};
/* End PBXFrameworksBuildPhase section */

/* Begin PBXGroup section */
		6865AA7C14ECC2CD00240660 = {
			isa = PBXGroup;
			children = (
				6865AA9114ECC2CF00240660 /* TWAccountList */,
				6865AA8A14ECC2CF00240660 /* Frameworks */,
				6865AA8814ECC2CF00240660 /* Products */,
			);
			sourceTree = "<group>";
		};
		6865AA8814ECC2CF00240660 /* Products */ = {
			isa = PBXGroup;
			children = (
				6865AA8714ECC2CF00240660 /* TWAccountList.app */,
			);
			name = Products;
			sourceTree = "<group>";
		};
		6865AA8A14ECC2CF00240660 /* Frameworks */ = {
			isa = PBXGroup;
			children = (
				6865AAA814ECC34F00240660 /* Accounts.framework */,
				6865AA8B14ECC2CF00240660 /* UIKit.framework */,
				6865AA8D14ECC2CF00240660 /* Foundation.framework */,
				6865AA8F14ECC2CF00240660 /* CoreGraphics.framework */,
			);
			name = Frameworks;
			sourceTree = "<group>";
		};
		6865AA9114ECC2CF00240660 /* TWAccountList */ = {
			isa = PBXGroup;
			children = (
				6865AA9A14ECC2CF00240660 /* AppDelegate.h */,
				6865AA9B14ECC2CF00240660 /* AppDelegate.m */,
				6865AA9D14ECC2CF00240660 /* AccountsListViewController.h */,
				6865AA9E14ECC2CF00240660 /* AccountsListViewController.m */,
				6865AAA014ECC2CF00240660 /* AccountsListViewController.xib */,
				6865AA9214ECC2CF00240660 /* Supporting Files */,
			);
			path = TWAccountList;
			sourceTree = "<group>";
		};
		6865AA9214ECC2CF00240660 /* Supporting Files */ = {
			isa = PBXGroup;
			children = (
				6865AA9314ECC2CF00240660 /* TWAccountList-Info.plist */,
				6865AA9414ECC2CF00240660 /* InfoPlist.strings */,
				6865AA9714ECC2CF00240660 /* main.m */,
				6865AA9914ECC2CF00240660 /* TWAccountList-Prefix.pch */,
			);
			name = "Supporting Files";
			sourceTree = "<group>";
		};
/* End PBXGroup section */

/* Begin PBXNativeTarget section */
		6865AA8614ECC2CF00240660 /* TWAccountList */ = {
			isa = PBXNativeTarget;
			buildConfigurationList = 6865AAA514ECC2CF00240660 /* Build configuration list for PBXNativeTarget "TWAccountList" */;
			buildPhases = (
				6865AA8314ECC2CF00240660 /* Sources */,
				6865AA8414ECC2CF00240660 /* Frameworks */,
				6865AA8514ECC2CF00240660 /* Resources */,
			);
			buildRules = (
			);
			dependencies = (
			);
			name = TWAccountList;
			productName = TWAccountList;
			productReference = 6865AA8714ECC2CF00240660 /* TWAccountList.app */;
			productType = "com.apple.product-type.application";
		};
/* End PBXNativeTarget section */

/* Begin PBXProject section */
		6865AA7E14ECC2CD00240660 /* Project object */ = {
			isa = PBXProject;
			attributes = {
				LastUpgradeCheck = 0420;
				ORGANIZATIONNAME = "genesix, Inc.";
			};
			buildConfigurationList = 6865AA8114ECC2CD00240660 /* Build configuration list for PBXProject "TWAccountList" */;
			compatibilityVersion = "Xcode 3.2";
			developmentRegion = English;
			hasScannedForEncodings = 0;
			knownRegions = (
				en,
			);
			mainGroup = 6865AA7C14ECC2CD00240660;
			productRefGroup = 6865AA8814ECC2CF00240660 /* Products */;
			projectDirPath = "";
			projectRoot = "";
			targets = (
				6865AA8614ECC2CF00240660 /* TWAccountList */,
			);
		};
/* End PBXProject section */

/* Begin PBXResourcesBuildPhase section */
		6865AA8514ECC2CF00240660 /* Resources */ = {
			isa = PBXResourcesBuildPhase;
			buildActionMask = 2147483647;
			files = (
				6865AA9614ECC2CF00240660 /* InfoPlist.strings in Resources */,
				6865AAA214ECC2CF00240660 /* AccountsListViewController.xib in Resources */,
			);
			runOnlyForDeploymentPostprocessing = 0;
		};
/* End PBXResourcesBuildPhase section */

/* Begin PBXSourcesBuildPhase section */
		6865AA8314ECC2CF00240660 /* Sources */ = {
			isa = PBXSourcesBuildPhase;
			buildActionMask = 2147483647;
			files = (
				6865AA9814ECC2CF00240660 /* main.m in Sources */,
				6865AA9C14ECC2CF00240660 /* AppDelegate.m in Sources */,
				6865AA9F14ECC2CF00240660 /* AccountsListViewController.m in Sources */,
			);
			runOnlyForDeploymentPostprocessing = 0;
		};
/* End PBXSourcesBuildPhase section */

/* Begin PBXVariantGroup section */
		6865AA9414ECC2CF00240660 /* InfoPlist.strings */ = {
			isa = PBXVariantGroup;
			children = (
				6865AA9514ECC2CF00240660 /* en */,
			);
			name = InfoPlist.strings;
			sourceTree = "<group>";
		};
		6865AAA014ECC2CF00240660 /* AccountsListViewController.xib */ = {
			isa = PBXVariantGroup;
			children = (
				6865AAA114ECC2CF00240660 /* en */,
			);
			name = AccountsListViewController.xib;
			sourceTree = "<group>";
		};
/* End PBXVariantGroup section */

/* Begin XCBuildConfiguration section */
		6865AAA314ECC2CF00240660 /* Debug */ = {
			isa = XCBuildConfiguration;
			buildSettings = {
				ALWAYS_SEARCH_USER_PATHS = NO;
				ARCHS = "$(ARCHS_STANDARD_32_BIT)";
				"CODE_SIGN_IDENTITY[sdk=iphoneos*]" = "iPhone Developer";
				COPY_PHASE_STRIP = NO;
				GCC_C_LANGUAGE_STANDARD = gnu99;
				GCC_DYNAMIC_NO_PIC = NO;
				GCC_OPTIMIZATION_LEVEL = 0;
				GCC_PREPROCESSOR_DEFINITIONS = (
					"DEBUG=1",
					"$(inherited)",
				);
				GCC_SYMBOLS_PRIVATE_EXTERN = NO;
				GCC_VERSION = com.apple.compilers.llvm.clang.1_0;
				GCC_WARN_ABOUT_MISSING_PROTOTYPES = YES;
				GCC_WARN_ABOUT_RETURN_TYPE = YES;
				GCC_WARN_UNUSED_VARIABLE = YES;
				IPHONEOS_DEPLOYMENT_TARGET = 5.0;
				SDKROOT = iphoneos;
			};
			name = Debug;
		};
		6865AAA414ECC2CF00240660 /* Release */ = {
			isa = XCBuildConfiguration;
			buildSettings = {
				ALWAYS_SEARCH_USER_PATHS = NO;
				ARCHS = "$(ARCHS_STANDARD_32_BIT)";
				"CODE_SIGN_IDENTITY[sdk=iphoneos*]" = "iPhone Developer";
				COPY_PHASE_STRIP = YES;
				GCC_C_LANGUAGE_STANDARD = gnu99;
				GCC_VERSION = com.apple.compilers.llvm.clang.1_0;
				GCC_WARN_ABOUT_MISSING_PROTOTYPES = YES;
				GCC_WARN_ABOUT_RETURN_TYPE = YES;
				GCC_WARN_UNUSED_VARIABLE = YES;
				IPHONEOS_DEPLOYMENT_TARGET = 5.0;
				OTHER_CFLAGS = "-DNS_BLOCK_ASSERTIONS=1";
				SDKROOT = iphoneos;
				VALIDATE_PRODUCT = YES;
			};
			name = Release;
		};
		6865AAA614ECC2CF00240660 /* Debug */ = {
			isa = XCBuildConfiguration;
			buildSettings = {
				GCC_PRECOMPILE_PREFIX_HEADER = YES;
				GCC_PREFIX_HEADER = "TWAccountList/TWAccountList-Prefix.pch";
				INFOPLIST_FILE = "TWAccountList/TWAccountList-Info.plist";
				PRODUCT_NAME = "$(TARGET_NAME)";
				WRAPPER_EXTENSION = app;
			};
			name = Debug;
		};
		6865AAA714ECC2CF00240660 /* Release */ = {
			isa = XCBuildConfiguration;
			buildSettings = {
				GCC_PRECOMPILE_PREFIX_HEADER = YES;
				GCC_PREFIX_HEADER = "TWAccountList/TWAccountList-Prefix.pch";
				INFOPLIST_FILE = "TWAccountList/TWAccountList-Info.plist";
				PRODUCT_NAME = "$(TARGET_NAME)";
				WRAPPER_EXTENSION = app;
			};
			name = Release;
		};
/* End XCBuildConfiguration section */

/* Begin XCConfigurationList section */
		6865AA8114ECC2CD00240660 /* Build configuration list for PBXProject "TWAccountList" */ = {
			isa = XCConfigurationList;
			buildConfigurations = (
				6865AAA314ECC2CF00240660 /* Debug */,
				6865AAA414ECC2CF00240660 /* Release */,
			);
			defaultConfigurationIsVisible = 0;
			defaultConfigurationName = Release;
		};
		6865AAA514ECC2CF00240660 /* Build configuration list for PBXNativeTarget "TWAccountList" */ = {
			isa = XCConfigurationList;
			buildConfigurations = (
				6865AAA614ECC2CF00240660 /* Debug */,
				6865AAA714ECC2CF00240660 /* Release */,
			);
			defaultConfigurationIsVisible = 0;
		};
/* End XCConfigurationList section */
	};
	rootObject = 6865AA7E14ECC2CD00240660 /* Project object */;
}
